
Microsoft Visual Studio Solution File, Format Version 12.00
# Visual Studio Version 17
VisualStudioVersion = 17.12.35707.178
MinimumVisualStudioVersion = 10.0.40219.1
Project("{FAE04EC0-301F-11D3-BF4B-00C04F79EFBC}") = "ContourSearcher.UI", "ContourSearcher.UI.csproj", "{96B5CA76-1375-4424-96B3-A8EA2EA6E8F1}"
EndProject
Project("{8BC9CEB8-8B4A-11D0-8D11-00A0C91BC942}") = "ContourSearcher.BLL", "..\..\ContourSearcher.BLL\ContourSearcher.BLL\ContourSearcher.BLL.vcxproj", "{28A12B55-3009-4E14-AD20-7EA67B09DD0C}"
EndProject
Project("{FAE04EC0-301F-11D3-BF4B-00C04F79EFBC}") = "MVVMBase", "..\MVVMBase\MVVMBase.csproj", "{6DF5DCFB-47F9-4FA5-A165-7ADF3C89DD63}"
EndProject
Project("{FAE04EC0-301F-11D3-BF4B-00C04F79EFBC}") = "UserControls", "..\UserControls\UserControls.csproj", "{F12EF6FC-68F7-4DBB-BBD1-B6A066BAD18F}"
EndProject
Project("{FAE04EC0-301F-11D3-BF4B-00C04F79EFBC}") = "CSharpCppInteroperability", "..\..\ContourSearcher.BLL\CSharpCppInteroperability\CSharpCppInteroperability.csproj", "{ACE79489-E0D1-4BD8-8A93-EA789556D97A}"
EndProject
Project("{FAE04EC0-301F-11D3-BF4B-00C04F79EFBC}") = "ServiceWrapperLib", "..\..\ServiceWrapperLib\ServiceWrapperLib.csproj", "{9600FCF7-F9FD-49DF-B76E-AC2DA0C11B87}"
EndProject
Project("{FAE04EC0-301F-11D3-BF4B-00C04F79EFBC}") = "CSharpBusinessLayer", "..\..\ContourSearcher.BLL\CSharpBusinessLayer\CSharpBusinessLayer.csproj", "{6C264AAF-4057-4D58-9144-9C71896776F6}"
EndProject
Project("{8BC9CEB8-8B4A-11D0-8D11-00A0C91BC942}") = "ContourSearcher.BusinessLayer", "..\..\ContourSearcher.BusinessLayer\ContourSearcher.BusinessLayer.vcxproj", "{53272753-0FB7-4909-A633-2172F786AD33}"
EndProject
Global
	GlobalSection(SolutionConfigurationPlatforms) = preSolution
		Debug|Any CPU = Debug|Any CPU
		Debug|x64 = Debug|x64
		Debug|x86 = Debug|x86
		Release|Any CPU = Release|Any CPU
		Release|x64 = Release|x64
		Release|x86 = Release|x86
	EndGlobalSection
	GlobalSection(ProjectConfigurationPlatforms) = postSolution
		{96B5CA76-1375-4424-96B3-A8EA2EA6E8F1}.Debug|Any CPU.ActiveCfg = Debug|Any CPU
		{96B5CA76-1375-4424-96B3-A8EA2EA6E8F1}.Debug|Any CPU.Build.0 = Debug|Any CPU
		{96B5CA76-1375-4424-96B3-A8EA2EA6E8F1}.Debug|x64.ActiveCfg = Debug|Any CPU
		{96B5CA76-1375-4424-96B3-A8EA2EA6E8F1}.Debug|x64.Build.0 = Debug|Any CPU
		{96B5CA76-1375-4424-96B3-A8EA2EA6E8F1}.Debug|x86.ActiveCfg = Debug|Any CPU
		{96B5CA76-1375-4424-96B3-A8EA2EA6E8F1}.Debug|x86.Build.0 = Debug|Any CPU
		{96B5CA76-1375-4424-96B3-A8EA2EA6E8F1}.Release|Any CPU.ActiveCfg = Release|Any CPU
		{96B5CA76-1375-4424-96B3-A8EA2EA6E8F1}.Release|Any CPU.Build.0 = Release|Any CPU
		{96B5CA76-1375-4424-96B3-A8EA2EA6E8F1}.Release|x64.ActiveCfg = Release|Any CPU
		{96B5CA76-1375-4424-96B3-A8EA2EA6E8F1}.Release|x64.Build.0 = Release|Any CPU
		{96B5CA76-1375-4424-96B3-A8EA2EA6E8F1}.Release|x86.ActiveCfg = Release|Any CPU
		{96B5CA76-1375-4424-96B3-A8EA2EA6E8F1}.Release|x86.Build.0 = Release|Any CPU
		{28A12B55-3009-4E14-AD20-7EA67B09DD0C}.Debug|Any CPU.ActiveCfg = Debug|x64
		{28A12B55-3009-4E14-AD20-7EA67B09DD0C}.Debug|Any CPU.Build.0 = Debug|x64
		{28A12B55-3009-4E14-AD20-7EA67B09DD0C}.Debug|x64.ActiveCfg = Debug|x64
		{28A12B55-3009-4E14-AD20-7EA67B09DD0C}.Debug|x64.Build.0 = Debug|x64
		{28A12B55-3009-4E14-AD20-7EA67B09DD0C}.Debug|x86.ActiveCfg = Debug|Win32
		{28A12B55-3009-4E14-AD20-7EA67B09DD0C}.Debug|x86.Build.0 = Debug|Win32
		{28A12B55-3009-4E14-AD20-7EA67B09DD0C}.Release|Any CPU.ActiveCfg = Release|x64
		{28A12B55-3009-4E14-AD20-7EA67B09DD0C}.Release|Any CPU.Build.0 = Release|x64
		{28A12B55-3009-4E14-AD20-7EA67B09DD0C}.Release|x64.ActiveCfg = Release|x64
		{28A12B55-3009-4E14-AD20-7EA67B09DD0C}.Release|x64.Build.0 = Release|x64
		{28A12B55-3009-4E14-AD20-7EA67B09DD0C}.Release|x86.ActiveCfg = Release|Win32
		{28A12B55-3009-4E14-AD20-7EA67B09DD0C}.Release|x86.Build.0 = Release|Win32
		{6DF5DCFB-47F9-4FA5-A165-7ADF3C89DD63}.Debug|Any CPU.ActiveCfg = Debug|Any CPU
		{6DF5DCFB-47F9-4FA5-A165-7ADF3C89DD63}.Debug|Any CPU.Build.0 = Debug|Any CPU
		{6DF5DCFB-47F9-4FA5-A165-7ADF3C89DD63}.Debug|x64.ActiveCfg = Debug|Any CPU
		{6DF5DCFB-47F9-4FA5-A165-7ADF3C89DD63}.Debug|x64.Build.0 = Debug|Any CPU
		{6DF5DCFB-47F9-4FA5-A165-7ADF3C89DD63}.Debug|x86.ActiveCfg = Debug|Any CPU
		{6DF5DCFB-47F9-4FA5-A165-7ADF3C89DD63}.Debug|x86.Build.0 = Debug|Any CPU
		{6DF5DCFB-47F9-4FA5-A165-7ADF3C89DD63}.Release|Any CPU.ActiveCfg = Release|Any CPU
		{6DF5DCFB-47F9-4FA5-A165-7ADF3C89DD63}.Release|Any CPU.Build.0 = Release|Any CPU
		{6DF5DCFB-47F9-4FA5-A165-7ADF3C89DD63}.Release|x64.ActiveCfg = Release|Any CPU
		{6DF5DCFB-47F9-4FA5-A165-7ADF3C89DD63}.Release|x64.Build.0 = Release|Any CPU
		{6DF5DCFB-47F9-4FA5-A165-7ADF3C89DD63}.Release|x86.ActiveCfg = Release|Any CPU
		{6DF5DCFB-47F9-4FA5-A165-7ADF3C89DD63}.Release|x86.Build.0 = Release|Any CPU
		{F12EF6FC-68F7-4DBB-BBD1-B6A066BAD18F}.Debug|Any CPU.ActiveCfg = Debug|Any CPU
		{F12EF6FC-68F7-4DBB-BBD1-B6A066BAD18F}.Debug|Any CPU.Build.0 = Debug|Any CPU
		{F12EF6FC-68F7-4DBB-BBD1-B6A066BAD18F}.Debug|x64.ActiveCfg = Debug|Any CPU
		{F12EF6FC-68F7-4DBB-BBD1-B6A066BAD18F}.Debug|x64.Build.0 = Debug|Any CPU
		{F12EF6FC-68F7-4DBB-BBD1-B6A066BAD18F}.Debug|x86.ActiveCfg = Debug|Any CPU
		{F12EF6FC-68F7-4DBB-BBD1-B6A066BAD18F}.Debug|x86.Build.0 = Debug|Any CPU
		{F12EF6FC-68F7-4DBB-BBD1-B6A066BAD18F}.Release|Any CPU.ActiveCfg = Release|Any CPU
		{F12EF6FC-68F7-4DBB-BBD1-B6A066BAD18F}.Release|Any CPU.Build.0 = Release|Any CPU
		{F12EF6FC-68F7-4DBB-BBD1-B6A066BAD18F}.Release|x64.ActiveCfg = Release|Any CPU
		{F12EF6FC-68F7-4DBB-BBD1-B6A066BAD18F}.Release|x64.Build.0 = Release|Any CPU
		{F12EF6FC-68F7-4DBB-BBD1-B6A066BAD18F}.Release|x86.ActiveCfg = Release|Any CPU
		{F12EF6FC-68F7-4DBB-BBD1-B6A066BAD18F}.Release|x86.Build.0 = Release|Any CPU
		{ACE79489-E0D1-4BD8-8A93-EA789556D97A}.Debug|Any CPU.ActiveCfg = Debug|Any CPU
		{ACE79489-E0D1-4BD8-8A93-EA789556D97A}.Debug|Any CPU.Build.0 = Debug|Any CPU
		{ACE79489-E0D1-4BD8-8A93-EA789556D97A}.Debug|x64.ActiveCfg = Debug|Any CPU
		{ACE79489-E0D1-4BD8-8A93-EA789556D97A}.Debug|x64.Build.0 = Debug|Any CPU
		{ACE79489-E0D1-4BD8-8A93-EA789556D97A}.Debug|x86.ActiveCfg = Debug|Any CPU
		{ACE79489-E0D1-4BD8-8A93-EA789556D97A}.Debug|x86.Build.0 = Debug|Any CPU
		{ACE79489-E0D1-4BD8-8A93-EA789556D97A}.Release|Any CPU.ActiveCfg = Release|Any CPU
		{ACE79489-E0D1-4BD8-8A93-EA789556D97A}.Release|Any CPU.Build.0 = Release|Any CPU
		{ACE79489-E0D1-4BD8-8A93-EA789556D97A}.Release|x64.ActiveCfg = Release|Any CPU
		{ACE79489-E0D1-4BD8-8A93-EA789556D97A}.Release|x64.Build.0 = Release|Any CPU
		{ACE79489-E0D1-4BD8-8A93-EA789556D97A}.Release|x86.ActiveCfg = Release|Any CPU
		{ACE79489-E0D1-4BD8-8A93-EA789556D97A}.Release|x86.Build.0 = Release|Any CPU
		{9600FCF7-F9FD-49DF-B76E-AC2DA0C11B87}.Debug|Any CPU.ActiveCfg = Debug|Any CPU
		{9600FCF7-F9FD-49DF-B76E-AC2DA0C11B87}.Debug|Any CPU.Build.0 = Debug|Any CPU
		{9600FCF7-F9FD-49DF-B76E-AC2DA0C11B87}.Debug|x64.ActiveCfg = Debug|Any CPU
		{9600FCF7-F9FD-49DF-B76E-AC2DA0C11B87}.Debug|x64.Build.0 = Debug|Any CPU
		{9600FCF7-F9FD-49DF-B76E-AC2DA0C11B87}.Debug|x86.ActiveCfg = Debug|Any CPU
		{9600FCF7-F9FD-49DF-B76E-AC2DA0C11B87}.Debug|x86.Build.0 = Debug|Any CPU
		{9600FCF7-F9FD-49DF-B76E-AC2DA0C11B87}.Release|Any CPU.ActiveCfg = Release|Any CPU
		{9600FCF7-F9FD-49DF-B76E-AC2DA0C11B87}.Release|Any CPU.Build.0 = Release|Any CPU
		{9600FCF7-F9FD-49DF-B76E-AC2DA0C11B87}.Release|x64.ActiveCfg = Release|Any CPU
		{9600FCF7-F9FD-49DF-B76E-AC2DA0C11B87}.Release|x64.Build.0 = Release|Any CPU
		{9600FCF7-F9FD-49DF-B76E-AC2DA0C11B87}.Release|x86.ActiveCfg = Release|Any CPU
		{9600FCF7-F9FD-49DF-B76E-AC2DA0C11B87}.Release|x86.Build.0 = Release|Any CPU
		{6C264AAF-4057-4D58-9144-9C71896776F6}.Debug|Any CPU.ActiveCfg = Debug|Any CPU
		{6C264AAF-4057-4D58-9144-9C71896776F6}.Debug|Any CPU.Build.0 = Debug|Any CPU
		{6C264AAF-4057-4D58-9144-9C71896776F6}.Debug|x64.ActiveCfg = Debug|Any CPU
		{6C264AAF-4057-4D58-9144-9C71896776F6}.Debug|x64.Build.0 = Debug|Any CPU
		{6C264AAF-4057-4D58-9144-9C71896776F6}.Debug|x86.ActiveCfg = Debug|Any CPU
		{6C264AAF-4057-4D58-9144-9C71896776F6}.Debug|x86.Build.0 = Debug|Any CPU
		{6C264AAF-4057-4D58-9144-9C71896776F6}.Release|Any CPU.ActiveCfg = Release|Any CPU
		{6C264AAF-4057-4D58-9144-9C71896776F6}.Release|Any CPU.Build.0 = Release|Any CPU
		{6C264AAF-4057-4D58-9144-9C71896776F6}.Release|x64.ActiveCfg = Release|Any CPU
		{6C264AAF-4057-4D58-9144-9C71896776F6}.Release|x64.Build.0 = Release|Any CPU
		{6C264AAF-4057-4D58-9144-9C71896776F6}.Release|x86.ActiveCfg = Release|Any CPU
		{6C264AAF-4057-4D58-9144-9C71896776F6}.Release|x86.Build.0 = Release|Any CPU
		{53272753-0FB7-4909-A633-2172F786AD33}.Debug|Any CPU.ActiveCfg = Debug|x64
		{53272753-0FB7-4909-A633-2172F786AD33}.Debug|Any CPU.Build.0 = Debug|x64
		{53272753-0FB7-4909-A633-2172F786AD33}.Debug|x64.ActiveCfg = Debug|x64
		{53272753-0FB7-4909-A633-2172F786AD33}.Debug|x64.Build.0 = Debug|x64
		{53272753-0FB7-4909-A633-2172F786AD33}.Debug|x86.ActiveCfg = Debug|Win32
		{53272753-0FB7-4909-A633-2172F786AD33}.Debug|x86.Build.0 = Debug|Win32
		{53272753-0FB7-4909-A633-2172F786AD33}.Release|Any CPU.ActiveCfg = Release|x64
		{53272753-0FB7-4909-A633-2172F786AD33}.Release|Any CPU.Build.0 = Release|x64
		{53272753-0FB7-4909-A633-2172F786AD33}.Release|x64.ActiveCfg = Release|x64
		{53272753-0FB7-4909-A633-2172F786AD33}.Release|x64.Build.0 = Release|x64
		{53272753-0FB7-4909-A633-2172F786AD33}.Release|x86.ActiveCfg = Release|Win32
		{53272753-0FB7-4909-A633-2172F786AD33}.Release|x86.Build.0 = Release|Win32
	EndGlobalSection
	GlobalSection(SolutionProperties) = preSolution
		HideSolutionNode = FALSE
	EndGlobalSection
EndGlobal
